
Microsoft Visual Studio Solution File, Format Version 12.00
# Visual Studio 2012
Project("{FAE04EC0-301F-11D3-BF4B-00C04F79EFBC}") = "Filestreamtest", "Filestreamtest\Filestreamtest.csproj", "{79ACDEAB-5815-4D64-A2EE-959D304CEB43}"
EndProject
Project("{FAE04EC0-301F-11D3-BF4B-00C04F79EFBC}") = "SendMessage", "SendMessage\SendMessage.csproj", "{E2DD7012-1779-4CA7-9505-D17A0B6BE43E}"
EndProject
Project("{FAE04EC0-301F-11D3-BF4B-00C04F79EFBC}") = "DemoWPFViewer", "..\testprogram\demowpfviewer\DemoWPFViewer\DemoWPFViewer\DemoWPFViewer.csproj", "{2F930924-DEE3-4793-AF95-A7D770F34ECC}"
EndProject
Project("{FAE04EC0-301F-11D3-BF4B-00C04F79EFBC}") = "timestamptest", "..\timestamptest\timestamptest\timestamptest.csproj", "{7AD1D79F-3232-4ADE-AB06-F9B7B001B556}"
EndProject
Project("{FAE04EC0-301F-11D3-BF4B-00C04F79EFBC}") = "Datetest", "Datetest\Datetest.csproj", "{F5ECD661-B187-4CC9-8924-0A34ACC28C43}"
EndProject
Project("{FAE04EC0-301F-11D3-BF4B-00C04F79EFBC}") = "Prodtest", "Prodtest\Prodtest.csproj", "{1893BA10-9E12-4A69-9121-5DCC58EEF3E0}"
EndProject
Project("{FAE04EC0-301F-11D3-BF4B-00C04F79EFBC}") = "TimeSchemeTest", "TimeSchemeTest\TimeSchemeTest.csproj", "{D0DD4652-9D8C-4865-98CE-E57EDE9C10A3}"
EndProject
Project("{FAE04EC0-301F-11D3-BF4B-00C04F79EFBC}") = "CustomCalendar", "..\..\Kalender\CustomCalendar\CustomCalendar\CustomCalendar\CustomCalendar.csproj", "{AE5F22C6-7838-4108-9553-B7E3577581AD}"
EndProject
Project("{FAE04EC0-301F-11D3-BF4B-00C04F79EFBC}") = "OutlookCalendar", "..\..\Kalender\OutlookCalendar\OutlookCalendar\OutlookCalendar\OutlookCalendar.csproj", "{B6185ED0-45EA-4684-9726-490B85EF478A}"
EndProject
Project("{FAE04EC0-301F-11D3-BF4B-00C04F79EFBC}") = "Windowtest", "Windowtest\Windowtest.csproj", "{FBD622D6-D47C-481F-8335-9ACEB49B0706}"
EndProject
Project("{FAE04EC0-301F-11D3-BF4B-00C04F79EFBC}") = "HttpClient", "HttpClient\HttpClient.csproj", "{57E49A1E-04DB-4088-92D5-4D6CCD28596D}"
EndProject
Project("{FAE04EC0-301F-11D3-BF4B-00C04F79EFBC}") = "Nuget", "Nuget\Nuget.csproj", "{A374760A-FD04-4643-A1ED-130A07B7BC36}"
EndProject
Project("{FAE04EC0-301F-11D3-BF4B-00C04F79EFBC}") = "WpfApplication1", "WpfApplication1\WpfApplication1.csproj", "{1DB98332-EDB7-4AFA-A457-B34BBD57BE66}"
EndProject
Project("{FAE04EC0-301F-11D3-BF4B-00C04F79EFBC}") = "Impersonatetest", "Impersonatetest\Impersonatetest.csproj", "{19BAD4DB-B7D1-4AA9-B533-1BC3C4DCB665}"
EndProject
Project("{FAE04EC0-301F-11D3-BF4B-00C04F79EFBC}") = "ConsoleApplication1", "ConsoleApplication1\ConsoleApplication1.csproj", "{212C3A9A-734F-47CA-B22F-AC183BE70165}"
EndProject
Project("{FAE04EC0-301F-11D3-BF4B-00C04F79EFBC}") = "Interface", "Interface\Interface.csproj", "{B18E2230-2AE7-4A24-B8EF-D3D2A8D81690}"
EndProject
Project("{FAE04EC0-301F-11D3-BF4B-00C04F79EFBC}") = "DatagridSaveRestore", "DatagridSaveRestore\DatagridSaveRestore.csproj", "{9EF16811-E563-43D0-8533-8D102DB9700B}"
EndProject
Project("{FAE04EC0-301F-11D3-BF4B-00C04F79EFBC}") = "DbCloudTest", "DbCloudTest\DbCloudTest.csproj", "{AE0A056D-934B-4876-905A-AB0C1EE1AAFA}"
EndProject
Project("{FAE04EC0-301F-11D3-BF4B-00C04F79EFBC}") = "Notificationtest", "Notificationtest\Notificationtest.csproj", "{769FC3ED-2033-402F-A045-B21C22E5F92E}"
EndProject
Project("{FAE04EC0-301F-11D3-BF4B-00C04F79EFBC}") = "NotifyGridApp", "NotifyGridApp\NotifyGridApp.csproj", "{476C6D61-A8C0-4151-8040-D0C7754ABB5F}"
EndProject
Project("{FAE04EC0-301F-11D3-BF4B-00C04F79EFBC}") = "VismaTest", "VismaTest\VismaTest.csproj", "{E74664FD-4239-473A-825D-FEBED11D4539}"
EndProject
Global
	GlobalSection(SolutionConfigurationPlatforms) = preSolution
		Debug|Any CPU = Debug|Any CPU
		Debug|ARM = Debug|ARM
		Debug|Mixed Platforms = Debug|Mixed Platforms
		Debug|x64 = Debug|x64
		Debug|x86 = Debug|x86
		Release|Any CPU = Release|Any CPU
		Release|ARM = Release|ARM
		Release|Mixed Platforms = Release|Mixed Platforms
		Release|x64 = Release|x64
		Release|x86 = Release|x86
	EndGlobalSection
	GlobalSection(ProjectConfigurationPlatforms) = postSolution
		{79ACDEAB-5815-4D64-A2EE-959D304CEB43}.Debug|Any CPU.ActiveCfg = Debug|x86
		{79ACDEAB-5815-4D64-A2EE-959D304CEB43}.Debug|ARM.ActiveCfg = Debug|x86
		{79ACDEAB-5815-4D64-A2EE-959D304CEB43}.Debug|Mixed Platforms.ActiveCfg = Debug|x86
		{79ACDEAB-5815-4D64-A2EE-959D304CEB43}.Debug|Mixed Platforms.Build.0 = Debug|x86
		{79ACDEAB-5815-4D64-A2EE-959D304CEB43}.Debug|x64.ActiveCfg = Debug|x86
		{79ACDEAB-5815-4D64-A2EE-959D304CEB43}.Debug|x86.ActiveCfg = Debug|x86
		{79ACDEAB-5815-4D64-A2EE-959D304CEB43}.Debug|x86.Build.0 = Debug|x86
		{79ACDEAB-5815-4D64-A2EE-959D304CEB43}.Release|Any CPU.ActiveCfg = Release|x86
		{79ACDEAB-5815-4D64-A2EE-959D304CEB43}.Release|ARM.ActiveCfg = Release|x86
		{79ACDEAB-5815-4D64-A2EE-959D304CEB43}.Release|Mixed Platforms.ActiveCfg = Release|x86
		{79ACDEAB-5815-4D64-A2EE-959D304CEB43}.Release|Mixed Platforms.Build.0 = Release|x86
		{79ACDEAB-5815-4D64-A2EE-959D304CEB43}.Release|x64.ActiveCfg = Release|x86
		{79ACDEAB-5815-4D64-A2EE-959D304CEB43}.Release|x86.ActiveCfg = Release|x86
		{79ACDEAB-5815-4D64-A2EE-959D304CEB43}.Release|x86.Build.0 = Release|x86
		{E2DD7012-1779-4CA7-9505-D17A0B6BE43E}.Debug|Any CPU.ActiveCfg = Debug|x86
		{E2DD7012-1779-4CA7-9505-D17A0B6BE43E}.Debug|ARM.ActiveCfg = Debug|x86
		{E2DD7012-1779-4CA7-9505-D17A0B6BE43E}.Debug|Mixed Platforms.ActiveCfg = Debug|x86
		{E2DD7012-1779-4CA7-9505-D17A0B6BE43E}.Debug|Mixed Platforms.Build.0 = Debug|x86
		{E2DD7012-1779-4CA7-9505-D17A0B6BE43E}.Debug|x64.ActiveCfg = Debug|x86
		{E2DD7012-1779-4CA7-9505-D17A0B6BE43E}.Debug|x86.ActiveCfg = Debug|x86
		{E2DD7012-1779-4CA7-9505-D17A0B6BE43E}.Debug|x86.Build.0 = Debug|x86
		{E2DD7012-1779-4CA7-9505-D17A0B6BE43E}.Release|Any CPU.ActiveCfg = Release|x86
		{E2DD7012-1779-4CA7-9505-D17A0B6BE43E}.Release|ARM.ActiveCfg = Release|x86
		{E2DD7012-1779-4CA7-9505-D17A0B6BE43E}.Release|Mixed Platforms.ActiveCfg = Release|x86
		{E2DD7012-1779-4CA7-9505-D17A0B6BE43E}.Release|Mixed Platforms.Build.0 = Release|x86
		{E2DD7012-1779-4CA7-9505-D17A0B6BE43E}.Release|x64.ActiveCfg = Release|x86
		{E2DD7012-1779-4CA7-9505-D17A0B6BE43E}.Release|x86.ActiveCfg = Release|x86
		{E2DD7012-1779-4CA7-9505-D17A0B6BE43E}.Release|x86.Build.0 = Release|x86
		{2F930924-DEE3-4793-AF95-A7D770F34ECC}.Debug|Any CPU.ActiveCfg = Debug|x86
		{2F930924-DEE3-4793-AF95-A7D770F34ECC}.Debug|ARM.ActiveCfg = Debug|x86
		{2F930924-DEE3-4793-AF95-A7D770F34ECC}.Debug|Mixed Platforms.ActiveCfg = Debug|x86
		{2F930924-DEE3-4793-AF95-A7D770F34ECC}.Debug|Mixed Platforms.Build.0 = Debug|x86
		{2F930924-DEE3-4793-AF95-A7D770F34ECC}.Debug|x64.ActiveCfg = Debug|x86
		{2F930924-DEE3-4793-AF95-A7D770F34ECC}.Debug|x86.ActiveCfg = Debug|x86
		{2F930924-DEE3-4793-AF95-A7D770F34ECC}.Debug|x86.Build.0 = Debug|x86
		{2F930924-DEE3-4793-AF95-A7D770F34ECC}.Release|Any CPU.ActiveCfg = Release|x86
		{2F930924-DEE3-4793-AF95-A7D770F34ECC}.Release|ARM.ActiveCfg = Release|x86
		{2F930924-DEE3-4793-AF95-A7D770F34ECC}.Release|Mixed Platforms.ActiveCfg = Release|x86
		{2F930924-DEE3-4793-AF95-A7D770F34ECC}.Release|Mixed Platforms.Build.0 = Release|x86
		{2F930924-DEE3-4793-AF95-A7D770F34ECC}.Release|x64.ActiveCfg = Release|x86
		{2F930924-DEE3-4793-AF95-A7D770F34ECC}.Release|x86.ActiveCfg = Release|x86
		{2F930924-DEE3-4793-AF95-A7D770F34ECC}.Release|x86.Build.0 = Release|x86
		{7AD1D79F-3232-4ADE-AB06-F9B7B001B556}.Debug|Any CPU.ActiveCfg = Debug|x86
		{7AD1D79F-3232-4ADE-AB06-F9B7B001B556}.Debug|ARM.ActiveCfg = Debug|x86
		{7AD1D79F-3232-4ADE-AB06-F9B7B001B556}.Debug|Mixed Platforms.ActiveCfg = Debug|x86
		{7AD1D79F-3232-4ADE-AB06-F9B7B001B556}.Debug|Mixed Platforms.Build.0 = Debug|x86
		{7AD1D79F-3232-4ADE-AB06-F9B7B001B556}.Debug|x64.ActiveCfg = Debug|x86
		{7AD1D79F-3232-4ADE-AB06-F9B7B001B556}.Debug|x86.ActiveCfg = Debug|x86
		{7AD1D79F-3232-4ADE-AB06-F9B7B001B556}.Debug|x86.Build.0 = Debug|x86
		{7AD1D79F-3232-4ADE-AB06-F9B7B001B556}.Release|Any CPU.ActiveCfg = Release|x86
		{7AD1D79F-3232-4ADE-AB06-F9B7B001B556}.Release|ARM.ActiveCfg = Release|x86
		{7AD1D79F-3232-4ADE-AB06-F9B7B001B556}.Release|Mixed Platforms.ActiveCfg = Release|x86
		{7AD1D79F-3232-4ADE-AB06-F9B7B001B556}.Release|Mixed Platforms.Build.0 = Release|x86
		{7AD1D79F-3232-4ADE-AB06-F9B7B001B556}.Release|x64.ActiveCfg = Release|x86
		{7AD1D79F-3232-4ADE-AB06-F9B7B001B556}.Release|x86.ActiveCfg = Release|x86
		{7AD1D79F-3232-4ADE-AB06-F9B7B001B556}.Release|x86.Build.0 = Release|x86
		{F5ECD661-B187-4CC9-8924-0A34ACC28C43}.Debug|Any CPU.ActiveCfg = Debug|x86
		{F5ECD661-B187-4CC9-8924-0A34ACC28C43}.Debug|ARM.ActiveCfg = Debug|x86
		{F5ECD661-B187-4CC9-8924-0A34ACC28C43}.Debug|Mixed Platforms.ActiveCfg = Debug|x86
		{F5ECD661-B187-4CC9-8924-0A34ACC28C43}.Debug|Mixed Platforms.Build.0 = Debug|x86
		{F5ECD661-B187-4CC9-8924-0A34ACC28C43}.Debug|x64.ActiveCfg = Debug|x86
		{F5ECD661-B187-4CC9-8924-0A34ACC28C43}.Debug|x86.ActiveCfg = Debug|x86
		{F5ECD661-B187-4CC9-8924-0A34ACC28C43}.Debug|x86.Build.0 = Debug|x86
		{F5ECD661-B187-4CC9-8924-0A34ACC28C43}.Release|Any CPU.ActiveCfg = Release|x86
		{F5ECD661-B187-4CC9-8924-0A34ACC28C43}.Release|ARM.ActiveCfg = Release|x86
		{F5ECD661-B187-4CC9-8924-0A34ACC28C43}.Release|Mixed Platforms.ActiveCfg = Release|x86
		{F5ECD661-B187-4CC9-8924-0A34ACC28C43}.Release|Mixed Platforms.Build.0 = Release|x86
		{F5ECD661-B187-4CC9-8924-0A34ACC28C43}.Release|x64.ActiveCfg = Release|x86
		{F5ECD661-B187-4CC9-8924-0A34ACC28C43}.Release|x86.ActiveCfg = Release|x86
		{F5ECD661-B187-4CC9-8924-0A34ACC28C43}.Release|x86.Build.0 = Release|x86
		{1893BA10-9E12-4A69-9121-5DCC58EEF3E0}.Debug|Any CPU.ActiveCfg = Debug|x86
		{1893BA10-9E12-4A69-9121-5DCC58EEF3E0}.Debug|ARM.ActiveCfg = Debug|x86
		{1893BA10-9E12-4A69-9121-5DCC58EEF3E0}.Debug|Mixed Platforms.ActiveCfg = Debug|x86
		{1893BA10-9E12-4A69-9121-5DCC58EEF3E0}.Debug|Mixed Platforms.Build.0 = Debug|x86
		{1893BA10-9E12-4A69-9121-5DCC58EEF3E0}.Debug|x64.ActiveCfg = Debug|x86
		{1893BA10-9E12-4A69-9121-5DCC58EEF3E0}.Debug|x86.ActiveCfg = Debug|x86
		{1893BA10-9E12-4A69-9121-5DCC58EEF3E0}.Debug|x86.Build.0 = Debug|x86
		{1893BA10-9E12-4A69-9121-5DCC58EEF3E0}.Release|Any CPU.ActiveCfg = Release|x86
		{1893BA10-9E12-4A69-9121-5DCC58EEF3E0}.Release|ARM.ActiveCfg = Release|x86
		{1893BA10-9E12-4A69-9121-5DCC58EEF3E0}.Release|Mixed Platforms.ActiveCfg = Release|x86
		{1893BA10-9E12-4A69-9121-5DCC58EEF3E0}.Release|Mixed Platforms.Build.0 = Release|x86
		{1893BA10-9E12-4A69-9121-5DCC58EEF3E0}.Release|x64.ActiveCfg = Release|x86
		{1893BA10-9E12-4A69-9121-5DCC58EEF3E0}.Release|x86.ActiveCfg = Release|x86
		{1893BA10-9E12-4A69-9121-5DCC58EEF3E0}.Release|x86.Build.0 = Release|x86
		{D0DD4652-9D8C-4865-98CE-E57EDE9C10A3}.Debug|Any CPU.ActiveCfg = Debug|x86
		{D0DD4652-9D8C-4865-98CE-E57EDE9C10A3}.Debug|ARM.ActiveCfg = Debug|x86
		{D0DD4652-9D8C-4865-98CE-E57EDE9C10A3}.Debug|Mixed Platforms.ActiveCfg = Debug|x86
		{D0DD4652-9D8C-4865-98CE-E57EDE9C10A3}.Debug|Mixed Platforms.Build.0 = Debug|x86
		{D0DD4652-9D8C-4865-98CE-E57EDE9C10A3}.Debug|x64.ActiveCfg = Debug|x86
		{D0DD4652-9D8C-4865-98CE-E57EDE9C10A3}.Debug|x86.ActiveCfg = Debug|x86
		{D0DD4652-9D8C-4865-98CE-E57EDE9C10A3}.Debug|x86.Build.0 = Debug|x86
		{D0DD4652-9D8C-4865-98CE-E57EDE9C10A3}.Release|Any CPU.ActiveCfg = Release|x86
		{D0DD4652-9D8C-4865-98CE-E57EDE9C10A3}.Release|ARM.ActiveCfg = Release|x86
		{D0DD4652-9D8C-4865-98CE-E57EDE9C10A3}.Release|Mixed Platforms.ActiveCfg = Release|x86
		{D0DD4652-9D8C-4865-98CE-E57EDE9C10A3}.Release|Mixed Platforms.Build.0 = Release|x86
		{D0DD4652-9D8C-4865-98CE-E57EDE9C10A3}.Release|x64.ActiveCfg = Release|x86
		{D0DD4652-9D8C-4865-98CE-E57EDE9C10A3}.Release|x86.ActiveCfg = Release|x86
		{D0DD4652-9D8C-4865-98CE-E57EDE9C10A3}.Release|x86.Build.0 = Release|x86
		{AE5F22C6-7838-4108-9553-B7E3577581AD}.Debug|Any CPU.ActiveCfg = Debug|Any CPU
		{AE5F22C6-7838-4108-9553-B7E3577581AD}.Debug|Any CPU.Build.0 = Debug|Any CPU
		{AE5F22C6-7838-4108-9553-B7E3577581AD}.Debug|ARM.ActiveCfg = Debug|Any CPU
		{AE5F22C6-7838-4108-9553-B7E3577581AD}.Debug|Mixed Platforms.ActiveCfg = Debug|Any CPU
		{AE5F22C6-7838-4108-9553-B7E3577581AD}.Debug|Mixed Platforms.Build.0 = Debug|Any CPU
		{AE5F22C6-7838-4108-9553-B7E3577581AD}.Debug|x64.ActiveCfg = Debug|Any CPU
		{AE5F22C6-7838-4108-9553-B7E3577581AD}.Debug|x86.ActiveCfg = Debug|Any CPU
		{AE5F22C6-7838-4108-9553-B7E3577581AD}.Release|Any CPU.ActiveCfg = Release|Any CPU
		{AE5F22C6-7838-4108-9553-B7E3577581AD}.Release|Any CPU.Build.0 = Release|Any CPU
		{AE5F22C6-7838-4108-9553-B7E3577581AD}.Release|ARM.ActiveCfg = Release|Any CPU
		{AE5F22C6-7838-4108-9553-B7E3577581AD}.Release|Mixed Platforms.ActiveCfg = Release|Any CPU
		{AE5F22C6-7838-4108-9553-B7E3577581AD}.Release|Mixed Platforms.Build.0 = Release|Any CPU
		{AE5F22C6-7838-4108-9553-B7E3577581AD}.Release|x64.ActiveCfg = Release|Any CPU
		{AE5F22C6-7838-4108-9553-B7E3577581AD}.Release|x86.ActiveCfg = Release|Any CPU
		{B6185ED0-45EA-4684-9726-490B85EF478A}.Debug|Any CPU.ActiveCfg = Debug|Any CPU
		{B6185ED0-45EA-4684-9726-490B85EF478A}.Debug|Any CPU.Build.0 = Debug|Any CPU
		{B6185ED0-45EA-4684-9726-490B85EF478A}.Debug|ARM.ActiveCfg = Debug|Any CPU
		{B6185ED0-45EA-4684-9726-490B85EF478A}.Debug|Mixed Platforms.ActiveCfg = Debug|Any CPU
		{B6185ED0-45EA-4684-9726-490B85EF478A}.Debug|Mixed Platforms.Build.0 = Debug|Any CPU
		{B6185ED0-45EA-4684-9726-490B85EF478A}.Debug|x64.ActiveCfg = Debug|Any CPU
		{B6185ED0-45EA-4684-9726-490B85EF478A}.Debug|x86.ActiveCfg = Debug|Any CPU
		{B6185ED0-45EA-4684-9726-490B85EF478A}.Release|Any CPU.ActiveCfg = Release|Any CPU
		{B6185ED0-45EA-4684-9726-490B85EF478A}.Release|Any CPU.Build.0 = Release|Any CPU
		{B6185ED0-45EA-4684-9726-490B85EF478A}.Release|ARM.ActiveCfg = Release|Any CPU
		{B6185ED0-45EA-4684-9726-490B85EF478A}.Release|Mixed Platforms.ActiveCfg = Release|Any CPU
		{B6185ED0-45EA-4684-9726-490B85EF478A}.Release|Mixed Platforms.Build.0 = Release|Any CPU
		{B6185ED0-45EA-4684-9726-490B85EF478A}.Release|x64.ActiveCfg = Release|Any CPU
		{B6185ED0-45EA-4684-9726-490B85EF478A}.Release|x86.ActiveCfg = Release|Any CPU
		{FBD622D6-D47C-481F-8335-9ACEB49B0706}.Debug|Any CPU.ActiveCfg = Debug|Any CPU
		{FBD622D6-D47C-481F-8335-9ACEB49B0706}.Debug|Any CPU.Build.0 = Debug|Any CPU
		{FBD622D6-D47C-481F-8335-9ACEB49B0706}.Debug|ARM.ActiveCfg = Debug|Any CPU
		{FBD622D6-D47C-481F-8335-9ACEB49B0706}.Debug|Mixed Platforms.ActiveCfg = Debug|Any CPU
		{FBD622D6-D47C-481F-8335-9ACEB49B0706}.Debug|Mixed Platforms.Build.0 = Debug|Any CPU
		{FBD622D6-D47C-481F-8335-9ACEB49B0706}.Debug|x64.ActiveCfg = Debug|Any CPU
		{FBD622D6-D47C-481F-8335-9ACEB49B0706}.Debug|x86.ActiveCfg = Debug|Any CPU
		{FBD622D6-D47C-481F-8335-9ACEB49B0706}.Release|Any CPU.ActiveCfg = Release|Any CPU
		{FBD622D6-D47C-481F-8335-9ACEB49B0706}.Release|Any CPU.Build.0 = Release|Any CPU
		{FBD622D6-D47C-481F-8335-9ACEB49B0706}.Release|ARM.ActiveCfg = Release|Any CPU
		{FBD622D6-D47C-481F-8335-9ACEB49B0706}.Release|Mixed Platforms.ActiveCfg = Release|Any CPU
		{FBD622D6-D47C-481F-8335-9ACEB49B0706}.Release|Mixed Platforms.Build.0 = Release|Any CPU
		{FBD622D6-D47C-481F-8335-9ACEB49B0706}.Release|x64.ActiveCfg = Release|Any CPU
		{FBD622D6-D47C-481F-8335-9ACEB49B0706}.Release|x86.ActiveCfg = Release|Any CPU
		{57E49A1E-04DB-4088-92D5-4D6CCD28596D}.Debug|Any CPU.ActiveCfg = Debug|Any CPU
		{57E49A1E-04DB-4088-92D5-4D6CCD28596D}.Debug|Any CPU.Build.0 = Debug|Any CPU
		{57E49A1E-04DB-4088-92D5-4D6CCD28596D}.Debug|ARM.ActiveCfg = Debug|Any CPU
		{57E49A1E-04DB-4088-92D5-4D6CCD28596D}.Debug|Mixed Platforms.ActiveCfg = Debug|Any CPU
		{57E49A1E-04DB-4088-92D5-4D6CCD28596D}.Debug|Mixed Platforms.Build.0 = Debug|Any CPU
		{57E49A1E-04DB-4088-92D5-4D6CCD28596D}.Debug|x64.ActiveCfg = Debug|Any CPU
		{57E49A1E-04DB-4088-92D5-4D6CCD28596D}.Debug|x86.ActiveCfg = Debug|Any CPU
		{57E49A1E-04DB-4088-92D5-4D6CCD28596D}.Release|Any CPU.ActiveCfg = Release|Any CPU
		{57E49A1E-04DB-4088-92D5-4D6CCD28596D}.Release|Any CPU.Build.0 = Release|Any CPU
		{57E49A1E-04DB-4088-92D5-4D6CCD28596D}.Release|ARM.ActiveCfg = Release|Any CPU
		{57E49A1E-04DB-4088-92D5-4D6CCD28596D}.Release|Mixed Platforms.ActiveCfg = Release|Any CPU
		{57E49A1E-04DB-4088-92D5-4D6CCD28596D}.Release|Mixed Platforms.Build.0 = Release|Any CPU
		{57E49A1E-04DB-4088-92D5-4D6CCD28596D}.Release|x64.ActiveCfg = Release|Any CPU
		{57E49A1E-04DB-4088-92D5-4D6CCD28596D}.Release|x86.ActiveCfg = Release|Any CPU
		{A374760A-FD04-4643-A1ED-130A07B7BC36}.Debug|Any CPU.ActiveCfg = Debug|Any CPU
		{A374760A-FD04-4643-A1ED-130A07B7BC36}.Debug|Any CPU.Build.0 = Debug|Any CPU
		{A374760A-FD04-4643-A1ED-130A07B7BC36}.Debug|ARM.ActiveCfg = Debug|Any CPU
		{A374760A-FD04-4643-A1ED-130A07B7BC36}.Debug|Mixed Platforms.ActiveCfg = Debug|Any CPU
		{A374760A-FD04-4643-A1ED-130A07B7BC36}.Debug|Mixed Platforms.Build.0 = Debug|Any CPU
		{A374760A-FD04-4643-A1ED-130A07B7BC36}.Debug|x64.ActiveCfg = Debug|Any CPU
		{A374760A-FD04-4643-A1ED-130A07B7BC36}.Debug|x86.ActiveCfg = Debug|Any CPU
		{A374760A-FD04-4643-A1ED-130A07B7BC36}.Release|Any CPU.ActiveCfg = Release|Any CPU
		{A374760A-FD04-4643-A1ED-130A07B7BC36}.Release|Any CPU.Build.0 = Release|Any CPU
		{A374760A-FD04-4643-A1ED-130A07B7BC36}.Release|ARM.ActiveCfg = Release|Any CPU
		{A374760A-FD04-4643-A1ED-130A07B7BC36}.Release|Mixed Platforms.ActiveCfg = Release|Any CPU
		{A374760A-FD04-4643-A1ED-130A07B7BC36}.Release|Mixed Platforms.Build.0 = Release|Any CPU
		{A374760A-FD04-4643-A1ED-130A07B7BC36}.Release|x64.ActiveCfg = Release|Any CPU
		{A374760A-FD04-4643-A1ED-130A07B7BC36}.Release|x86.ActiveCfg = Release|Any CPU
		{1DB98332-EDB7-4AFA-A457-B34BBD57BE66}.Debug|Any CPU.ActiveCfg = Debug|Any CPU
		{1DB98332-EDB7-4AFA-A457-B34BBD57BE66}.Debug|Any CPU.Build.0 = Debug|Any CPU
		{1DB98332-EDB7-4AFA-A457-B34BBD57BE66}.Debug|ARM.ActiveCfg = Debug|Any CPU
		{1DB98332-EDB7-4AFA-A457-B34BBD57BE66}.Debug|Mixed Platforms.ActiveCfg = Debug|Any CPU
		{1DB98332-EDB7-4AFA-A457-B34BBD57BE66}.Debug|Mixed Platforms.Build.0 = Debug|Any CPU
		{1DB98332-EDB7-4AFA-A457-B34BBD57BE66}.Debug|x64.ActiveCfg = Debug|Any CPU
		{1DB98332-EDB7-4AFA-A457-B34BBD57BE66}.Debug|x86.ActiveCfg = Debug|Any CPU
		{1DB98332-EDB7-4AFA-A457-B34BBD57BE66}.Release|Any CPU.ActiveCfg = Release|Any CPU
		{1DB98332-EDB7-4AFA-A457-B34BBD57BE66}.Release|Any CPU.Build.0 = Release|Any CPU
		{1DB98332-EDB7-4AFA-A457-B34BBD57BE66}.Release|ARM.ActiveCfg = Release|Any CPU
		{1DB98332-EDB7-4AFA-A457-B34BBD57BE66}.Release|Mixed Platforms.ActiveCfg = Release|Any CPU
		{1DB98332-EDB7-4AFA-A457-B34BBD57BE66}.Release|Mixed Platforms.Build.0 = Release|Any CPU
		{1DB98332-EDB7-4AFA-A457-B34BBD57BE66}.Release|x64.ActiveCfg = Release|Any CPU
		{1DB98332-EDB7-4AFA-A457-B34BBD57BE66}.Release|x86.ActiveCfg = Release|Any CPU
		{19BAD4DB-B7D1-4AA9-B533-1BC3C4DCB665}.Debug|Any CPU.ActiveCfg = Debug|Any CPU
		{19BAD4DB-B7D1-4AA9-B533-1BC3C4DCB665}.Debug|Any CPU.Build.0 = Debug|Any CPU
		{19BAD4DB-B7D1-4AA9-B533-1BC3C4DCB665}.Debug|ARM.ActiveCfg = Debug|Any CPU
		{19BAD4DB-B7D1-4AA9-B533-1BC3C4DCB665}.Debug|Mixed Platforms.ActiveCfg = Debug|Any CPU
		{19BAD4DB-B7D1-4AA9-B533-1BC3C4DCB665}.Debug|Mixed Platforms.Build.0 = Debug|Any CPU
		{19BAD4DB-B7D1-4AA9-B533-1BC3C4DCB665}.Debug|x64.ActiveCfg = Debug|Any CPU
		{19BAD4DB-B7D1-4AA9-B533-1BC3C4DCB665}.Debug|x86.ActiveCfg = Debug|Any CPU
		{19BAD4DB-B7D1-4AA9-B533-1BC3C4DCB665}.Release|Any CPU.ActiveCfg = Release|Any CPU
		{19BAD4DB-B7D1-4AA9-B533-1BC3C4DCB665}.Release|Any CPU.Build.0 = Release|Any CPU
		{19BAD4DB-B7D1-4AA9-B533-1BC3C4DCB665}.Release|ARM.ActiveCfg = Release|Any CPU
		{19BAD4DB-B7D1-4AA9-B533-1BC3C4DCB665}.Release|Mixed Platforms.ActiveCfg = Release|Any CPU
		{19BAD4DB-B7D1-4AA9-B533-1BC3C4DCB665}.Release|Mixed Platforms.Build.0 = Release|Any CPU
		{19BAD4DB-B7D1-4AA9-B533-1BC3C4DCB665}.Release|x64.ActiveCfg = Release|Any CPU
		{19BAD4DB-B7D1-4AA9-B533-1BC3C4DCB665}.Release|x86.ActiveCfg = Release|Any CPU
		{212C3A9A-734F-47CA-B22F-AC183BE70165}.Debug|Any CPU.ActiveCfg = Debug|Any CPU
		{212C3A9A-734F-47CA-B22F-AC183BE70165}.Debug|Any CPU.Build.0 = Debug|Any CPU
		{212C3A9A-734F-47CA-B22F-AC183BE70165}.Debug|ARM.ActiveCfg = Debug|Any CPU
		{212C3A9A-734F-47CA-B22F-AC183BE70165}.Debug|Mixed Platforms.ActiveCfg = Debug|Any CPU
		{212C3A9A-734F-47CA-B22F-AC183BE70165}.Debug|Mixed Platforms.Build.0 = Debug|Any CPU
		{212C3A9A-734F-47CA-B22F-AC183BE70165}.Debug|x64.ActiveCfg = Debug|Any CPU
		{212C3A9A-734F-47CA-B22F-AC183BE70165}.Debug|x86.ActiveCfg = Debug|Any CPU
		{212C3A9A-734F-47CA-B22F-AC183BE70165}.Release|Any CPU.ActiveCfg = Release|Any CPU
		{212C3A9A-734F-47CA-B22F-AC183BE70165}.Release|Any CPU.Build.0 = Release|Any CPU
		{212C3A9A-734F-47CA-B22F-AC183BE70165}.Release|ARM.ActiveCfg = Release|Any CPU
		{212C3A9A-734F-47CA-B22F-AC183BE70165}.Release|Mixed Platforms.ActiveCfg = Release|Any CPU
		{212C3A9A-734F-47CA-B22F-AC183BE70165}.Release|Mixed Platforms.Build.0 = Release|Any CPU
		{212C3A9A-734F-47CA-B22F-AC183BE70165}.Release|x64.ActiveCfg = Release|Any CPU
		{212C3A9A-734F-47CA-B22F-AC183BE70165}.Release|x86.ActiveCfg = Release|Any CPU
		{B18E2230-2AE7-4A24-B8EF-D3D2A8D81690}.Debug|Any CPU.ActiveCfg = Debug|Any CPU
		{B18E2230-2AE7-4A24-B8EF-D3D2A8D81690}.Debug|Any CPU.Build.0 = Debug|Any CPU
		{B18E2230-2AE7-4A24-B8EF-D3D2A8D81690}.Debug|ARM.ActiveCfg = Debug|Any CPU
		{B18E2230-2AE7-4A24-B8EF-D3D2A8D81690}.Debug|Mixed Platforms.ActiveCfg = Debug|Any CPU
		{B18E2230-2AE7-4A24-B8EF-D3D2A8D81690}.Debug|Mixed Platforms.Build.0 = Debug|Any CPU
		{B18E2230-2AE7-4A24-B8EF-D3D2A8D81690}.Debug|x64.ActiveCfg = Debug|Any CPU
		{B18E2230-2AE7-4A24-B8EF-D3D2A8D81690}.Debug|x86.ActiveCfg = Debug|Any CPU
		{B18E2230-2AE7-4A24-B8EF-D3D2A8D81690}.Release|Any CPU.ActiveCfg = Release|Any CPU
		{B18E2230-2AE7-4A24-B8EF-D3D2A8D81690}.Release|Any CPU.Build.0 = Release|Any CPU
		{B18E2230-2AE7-4A24-B8EF-D3D2A8D81690}.Release|ARM.ActiveCfg = Release|Any CPU
		{B18E2230-2AE7-4A24-B8EF-D3D2A8D81690}.Release|Mixed Platforms.ActiveCfg = Release|Any CPU
		{B18E2230-2AE7-4A24-B8EF-D3D2A8D81690}.Release|Mixed Platforms.Build.0 = Release|Any CPU
		{B18E2230-2AE7-4A24-B8EF-D3D2A8D81690}.Release|x64.ActiveCfg = Release|Any CPU
		{B18E2230-2AE7-4A24-B8EF-D3D2A8D81690}.Release|x86.ActiveCfg = Release|Any CPU
		{9EF16811-E563-43D0-8533-8D102DB9700B}.Debug|Any CPU.ActiveCfg = Debug|Any CPU
		{9EF16811-E563-43D0-8533-8D102DB9700B}.Debug|Any CPU.Build.0 = Debug|Any CPU
		{9EF16811-E563-43D0-8533-8D102DB9700B}.Debug|ARM.ActiveCfg = Debug|Any CPU
		{9EF16811-E563-43D0-8533-8D102DB9700B}.Debug|Mixed Platforms.ActiveCfg = Debug|Any CPU
		{9EF16811-E563-43D0-8533-8D102DB9700B}.Debug|Mixed Platforms.Build.0 = Debug|Any CPU
		{9EF16811-E563-43D0-8533-8D102DB9700B}.Debug|x64.ActiveCfg = Debug|Any CPU
		{9EF16811-E563-43D0-8533-8D102DB9700B}.Debug|x86.ActiveCfg = Debug|Any CPU
		{9EF16811-E563-43D0-8533-8D102DB9700B}.Release|Any CPU.ActiveCfg = Release|Any CPU
		{9EF16811-E563-43D0-8533-8D102DB9700B}.Release|Any CPU.Build.0 = Release|Any CPU
		{9EF16811-E563-43D0-8533-8D102DB9700B}.Release|ARM.ActiveCfg = Release|Any CPU
		{9EF16811-E563-43D0-8533-8D102DB9700B}.Release|Mixed Platforms.ActiveCfg = Release|Any CPU
		{9EF16811-E563-43D0-8533-8D102DB9700B}.Release|Mixed Platforms.Build.0 = Release|Any CPU
		{9EF16811-E563-43D0-8533-8D102DB9700B}.Release|x64.ActiveCfg = Release|Any CPU
		{9EF16811-E563-43D0-8533-8D102DB9700B}.Release|x86.ActiveCfg = Release|Any CPU
		{AE0A056D-934B-4876-905A-AB0C1EE1AAFA}.Debug|Any CPU.ActiveCfg = Debug|Any CPU
		{AE0A056D-934B-4876-905A-AB0C1EE1AAFA}.Debug|Any CPU.Build.0 = Debug|Any CPU
		{AE0A056D-934B-4876-905A-AB0C1EE1AAFA}.Debug|ARM.ActiveCfg = Debug|Any CPU
		{AE0A056D-934B-4876-905A-AB0C1EE1AAFA}.Debug|Mixed Platforms.ActiveCfg = Debug|Any CPU
		{AE0A056D-934B-4876-905A-AB0C1EE1AAFA}.Debug|Mixed Platforms.Build.0 = Debug|Any CPU
		{AE0A056D-934B-4876-905A-AB0C1EE1AAFA}.Debug|x64.ActiveCfg = Debug|Any CPU
		{AE0A056D-934B-4876-905A-AB0C1EE1AAFA}.Debug|x86.ActiveCfg = Debug|Any CPU
		{AE0A056D-934B-4876-905A-AB0C1EE1AAFA}.Release|Any CPU.ActiveCfg = Release|Any CPU
		{AE0A056D-934B-4876-905A-AB0C1EE1AAFA}.Release|Any CPU.Build.0 = Release|Any CPU
		{AE0A056D-934B-4876-905A-AB0C1EE1AAFA}.Release|ARM.ActiveCfg = Release|Any CPU
		{AE0A056D-934B-4876-905A-AB0C1EE1AAFA}.Release|Mixed Platforms.ActiveCfg = Release|Any CPU
		{AE0A056D-934B-4876-905A-AB0C1EE1AAFA}.Release|Mixed Platforms.Build.0 = Release|Any CPU
		{AE0A056D-934B-4876-905A-AB0C1EE1AAFA}.Release|x64.ActiveCfg = Release|Any CPU
		{AE0A056D-934B-4876-905A-AB0C1EE1AAFA}.Release|x86.ActiveCfg = Release|Any CPU
		{769FC3ED-2033-402F-A045-B21C22E5F92E}.Debug|Any CPU.ActiveCfg = Debug|Any CPU
		{769FC3ED-2033-402F-A045-B21C22E5F92E}.Debug|Any CPU.Build.0 = Debug|Any CPU
		{769FC3ED-2033-402F-A045-B21C22E5F92E}.Debug|ARM.ActiveCfg = Debug|Any CPU
		{769FC3ED-2033-402F-A045-B21C22E5F92E}.Debug|Mixed Platforms.ActiveCfg = Debug|Any CPU
		{769FC3ED-2033-402F-A045-B21C22E5F92E}.Debug|Mixed Platforms.Build.0 = Debug|Any CPU
		{769FC3ED-2033-402F-A045-B21C22E5F92E}.Debug|x64.ActiveCfg = Debug|Any CPU
		{769FC3ED-2033-402F-A045-B21C22E5F92E}.Debug|x86.ActiveCfg = Debug|Any CPU
		{769FC3ED-2033-402F-A045-B21C22E5F92E}.Release|Any CPU.ActiveCfg = Release|Any CPU
		{769FC3ED-2033-402F-A045-B21C22E5F92E}.Release|Any CPU.Build.0 = Release|Any CPU
		{769FC3ED-2033-402F-A045-B21C22E5F92E}.Release|ARM.ActiveCfg = Release|Any CPU
		{769FC3ED-2033-402F-A045-B21C22E5F92E}.Release|Mixed Platforms.ActiveCfg = Release|Any CPU
		{769FC3ED-2033-402F-A045-B21C22E5F92E}.Release|Mixed Platforms.Build.0 = Release|Any CPU
		{769FC3ED-2033-402F-A045-B21C22E5F92E}.Release|x64.ActiveCfg = Release|Any CPU
		{769FC3ED-2033-402F-A045-B21C22E5F92E}.Release|x86.ActiveCfg = Release|Any CPU
		{476C6D61-A8C0-4151-8040-D0C7754ABB5F}.Debug|Any CPU.ActiveCfg = Debug|Any CPU
		{476C6D61-A8C0-4151-8040-D0C7754ABB5F}.Debug|Any CPU.Build.0 = Debug|Any CPU
		{476C6D61-A8C0-4151-8040-D0C7754ABB5F}.Debug|Any CPU.Deploy.0 = Debug|Any CPU
		{476C6D61-A8C0-4151-8040-D0C7754ABB5F}.Debug|ARM.ActiveCfg = Debug|ARM
		{476C6D61-A8C0-4151-8040-D0C7754ABB5F}.Debug|ARM.Build.0 = Debug|ARM
		{476C6D61-A8C0-4151-8040-D0C7754ABB5F}.Debug|ARM.Deploy.0 = Debug|ARM
		{476C6D61-A8C0-4151-8040-D0C7754ABB5F}.Debug|Mixed Platforms.ActiveCfg = Debug|x86
		{476C6D61-A8C0-4151-8040-D0C7754ABB5F}.Debug|Mixed Platforms.Build.0 = Debug|x86
		{476C6D61-A8C0-4151-8040-D0C7754ABB5F}.Debug|Mixed Platforms.Deploy.0 = Debug|x86
		{476C6D61-A8C0-4151-8040-D0C7754ABB5F}.Debug|x64.ActiveCfg = Debug|x64
		{476C6D61-A8C0-4151-8040-D0C7754ABB5F}.Debug|x64.Build.0 = Debug|x64
		{476C6D61-A8C0-4151-8040-D0C7754ABB5F}.Debug|x64.Deploy.0 = Debug|x64
		{476C6D61-A8C0-4151-8040-D0C7754ABB5F}.Debug|x86.ActiveCfg = Debug|x86
		{476C6D61-A8C0-4151-8040-D0C7754ABB5F}.Debug|x86.Build.0 = Debug|x86
		{476C6D61-A8C0-4151-8040-D0C7754ABB5F}.Debug|x86.Deploy.0 = Debug|x86
		{476C6D61-A8C0-4151-8040-D0C7754ABB5F}.Release|Any CPU.ActiveCfg = Release|Any CPU
		{476C6D61-A8C0-4151-8040-D0C7754ABB5F}.Release|Any CPU.Build.0 = Release|Any CPU
		{476C6D61-A8C0-4151-8040-D0C7754ABB5F}.Release|Any CPU.Deploy.0 = Release|Any CPU
		{476C6D61-A8C0-4151-8040-D0C7754ABB5F}.Release|ARM.ActiveCfg = Release|ARM
		{476C6D61-A8C0-4151-8040-D0C7754ABB5F}.Release|ARM.Build.0 = Release|ARM
		{476C6D61-A8C0-4151-8040-D0C7754ABB5F}.Release|ARM.Deploy.0 = Release|ARM
		{476C6D61-A8C0-4151-8040-D0C7754ABB5F}.Release|Mixed Platforms.ActiveCfg = Release|x86
		{476C6D61-A8C0-4151-8040-D0C7754ABB5F}.Release|Mixed Platforms.Build.0 = Release|x86
		{476C6D61-A8C0-4151-8040-D0C7754ABB5F}.Release|Mixed Platforms.Deploy.0 = Release|x86
		{476C6D61-A8C0-4151-8040-D0C7754ABB5F}.Release|x64.ActiveCfg = Release|x64
		{476C6D61-A8C0-4151-8040-D0C7754ABB5F}.Release|x64.Build.0 = Release|x64
		{476C6D61-A8C0-4151-8040-D0C7754ABB5F}.Release|x64.Deploy.0 = Release|x64
		{476C6D61-A8C0-4151-8040-D0C7754ABB5F}.Release|x86.ActiveCfg = Release|x86
		{476C6D61-A8C0-4151-8040-D0C7754ABB5F}.Release|x86.Build.0 = Release|x86
		{476C6D61-A8C0-4151-8040-D0C7754ABB5F}.Release|x86.Deploy.0 = Release|x86
		{E74664FD-4239-473A-825D-FEBED11D4539}.Debug|Any CPU.ActiveCfg = Debug|Any CPU
		{E74664FD-4239-473A-825D-FEBED11D4539}.Debug|Any CPU.Build.0 = Debug|Any CPU
		{E74664FD-4239-473A-825D-FEBED11D4539}.Debug|ARM.ActiveCfg = Debug|Any CPU
		{E74664FD-4239-473A-825D-FEBED11D4539}.Debug|Mixed Platforms.ActiveCfg = Debug|Any CPU
		{E74664FD-4239-473A-825D-FEBED11D4539}.Debug|Mixed Platforms.Build.0 = Debug|Any CPU
		{E74664FD-4239-473A-825D-FEBED11D4539}.Debug|x64.ActiveCfg = Debug|Any CPU
		{E74664FD-4239-473A-825D-FEBED11D4539}.Debug|x86.ActiveCfg = Debug|Any CPU
		{E74664FD-4239-473A-825D-FEBED11D4539}.Release|Any CPU.ActiveCfg = Release|Any CPU
		{E74664FD-4239-473A-825D-FEBED11D4539}.Release|Any CPU.Build.0 = Release|Any CPU
		{E74664FD-4239-473A-825D-FEBED11D4539}.Release|ARM.ActiveCfg = Release|Any CPU
		{E74664FD-4239-473A-825D-FEBED11D4539}.Release|Mixed Platforms.ActiveCfg = Release|Any CPU
		{E74664FD-4239-473A-825D-FEBED11D4539}.Release|Mixed Platforms.Build.0 = Release|Any CPU
		{E74664FD-4239-473A-825D-FEBED11D4539}.Release|x64.ActiveCfg = Release|Any CPU
		{E74664FD-4239-473A-825D-FEBED11D4539}.Release|x86.ActiveCfg = Release|Any CPU
	EndGlobalSection
	GlobalSection(SolutionProperties) = preSolution
		HideSolutionNode = FALSE
	EndGlobalSection
EndGlobal
